
Microsoft Visual Studio Solution File, Format Version 12.00
Project("{8BC9CEB8-8B4A-11D0-8D11-00A0C91BC942}") = "Constructor_This", "Constructor_This.vcxproj", "{0229483F-6428-46FF-8B98-5CD9ACE8CFE0}"
EndProject
Global
	GlobalSection(SolutionConfigurationPlatforms) = preSolution
		Debug|Win32 = Debug|Win32
		Debug|x64 = Debug|x64
		Release|Win32 = Release|Win32
		Release|x64 = Release|x64
	EndGlobalSection
	GlobalSection(ProjectConfigurationPlatforms) = postSolution
		{0229483F-6428-46FF-8B98-5CD9ACE8CFE0}.Debug|Win32.ActiveCfg = Debug|Win32
		{0229483F-6428-46FF-8B98-5CD9ACE8CFE0}.Debug|Win32.Build.0 = Debug|Win32
		{0229483F-6428-46FF-8B98-5CD9ACE8CFE0}.Debug|x64.ActiveCfg = Debug|x64
		{0229483F-6428-46FF-8B98-5CD9ACE8CFE0}.Debug|x64.Build.0 = Debug|x64
		{0229483F-6428-46FF-8B98-5CD9ACE8CFE0}.Release|Win32.ActiveCfg = Release|Win32
		{0229483F-6428-46FF-8B98-5CD9ACE8CFE0}.Release|Win32.Build.0 = Release|Win32
		{0229483F-6428-46FF-8B98-5CD9ACE8CFE0}.Release|x64.ActiveCfg = Release|x64
		{0229483F-6428-46FF-8B98-5CD9ACE8CFE0}.Release|x64.Build.0 = Release|x64
	EndGlobalSection
EndGlobal
